
Microsoft Visual Studio Solution File, Format Version 12.00
# Visual Studio Version 16
VisualStudioVersion = 16.0.30804.86
MinimumVisualStudioVersion = 10.0.40219.1
Project("{9A19103F-16F7-4668-BE54-9A1E7A4F7556}") = "DataAccess", "DataAccess\DataAccess.csproj", "{94A38DBD-D8B8-48B1-8CF2-B12927057959}"
EndProject
Project("{9A19103F-16F7-4668-BE54-9A1E7A4F7556}") = "Business", "Business\Business.csproj", "{CE6F2069-E6D8-4516-948F-E5188C6EFAD2}"
EndProject
Project("{9A19103F-16F7-4668-BE54-9A1E7A4F7556}") = "Entities", "Entities\Entities.csproj", "{4A9EAF6D-A56E-483D-A549-D0E4B432AFE3}"
EndProject
Project("{9A19103F-16F7-4668-BE54-9A1E7A4F7556}") = "ConsoleUI", "ConsoleUI\ConsoleUI.csproj", "{E1A1328E-3F4A-407A-A5B2-43663A432516}"
EndProject
Project("{FAE04EC0-301F-11D3-BF4B-00C04F79EFBC}") = "Core", "Core\Core.csproj", "{BB8D84CE-E845-44BB-8A09-ED6362ED0DF1}"
EndProject
Project("{FAE04EC0-301F-11D3-BF4B-00C04F79EFBC}") = "WebAPI", "WebAPI\WebAPI.csproj", "{D6C3C089-D8E9-4B5B-AD1F-6033D4E34573}"
EndProject
Global
	GlobalSection(SolutionConfigurationPlatforms) = preSolution
		Debug|Any CPU = Debug|Any CPU
		Release|Any CPU = Release|Any CPU
	EndGlobalSection
	GlobalSection(ProjectConfigurationPlatforms) = postSolution
		{94A38DBD-D8B8-48B1-8CF2-B12927057959}.Debug|Any CPU.ActiveCfg = Debug|Any CPU
		{94A38DBD-D8B8-48B1-8CF2-B12927057959}.Debug|Any CPU.Build.0 = Debug|Any CPU
		{94A38DBD-D8B8-48B1-8CF2-B12927057959}.Release|Any CPU.ActiveCfg = Release|Any CPU
		{94A38DBD-D8B8-48B1-8CF2-B12927057959}.Release|Any CPU.Build.0 = Release|Any CPU
		{CE6F2069-E6D8-4516-948F-E5188C6EFAD2}.Debug|Any CPU.ActiveCfg = Debug|Any CPU
		{CE6F2069-E6D8-4516-948F-E5188C6EFAD2}.Debug|Any CPU.Build.0 = Debug|Any CPU
		{CE6F2069-E6D8-4516-948F-E5188C6EFAD2}.Release|Any CPU.ActiveCfg = Release|Any CPU
		{CE6F2069-E6D8-4516-948F-E5188C6EFAD2}.Release|Any CPU.Build.0 = Release|Any CPU
		{4A9EAF6D-A56E-483D-A549-D0E4B432AFE3}.Debug|Any CPU.ActiveCfg = Debug|Any CPU
		{4A9EAF6D-A56E-483D-A549-D0E4B432AFE3}.Debug|Any CPU.Build.0 = Debug|Any CPU
		{4A9EAF6D-A56E-483D-A549-D0E4B432AFE3}.Release|Any CPU.ActiveCfg = Release|Any CPU
		{4A9EAF6D-A56E-483D-A549-D0E4B432AFE3}.Release|Any CPU.Build.0 = Release|Any CPU
		{E1A1328E-3F4A-407A-A5B2-43663A432516}.Debug|Any CPU.ActiveCfg = Debug|Any CPU
		{E1A1328E-3F4A-407A-A5B2-43663A432516}.Debug|Any CPU.Build.0 = Debug|Any CPU
		{E1A1328E-3F4A-407A-A5B2-43663A432516}.Release|Any CPU.ActiveCfg = Release|Any CPU
		{E1A1328E-3F4A-407A-A5B2-43663A432516}.Release|Any CPU.Build.0 = Release|Any CPU
		{BB8D84CE-E845-44BB-8A09-ED6362ED0DF1}.Debug|Any CPU.ActiveCfg = Debug|Any CPU
		{BB8D84CE-E845-44BB-8A09-ED6362ED0DF1}.Debug|Any CPU.Build.0 = Debug|Any CPU
		{BB8D84CE-E845-44BB-8A09-ED6362ED0DF1}.Release|Any CPU.ActiveCfg = Release|Any CPU
		{BB8D84CE-E845-44BB-8A09-ED6362ED0DF1}.Release|Any CPU.Build.0 = Release|Any CPU
		{D6C3C089-D8E9-4B5B-AD1F-6033D4E34573}.Debug|Any CPU.ActiveCfg = Debug|Any CPU
		{D6C3C089-D8E9-4B5B-AD1F-6033D4E34573}.Debug|Any CPU.Build.0 = Debug|Any CPU
		{D6C3C089-D8E9-4B5B-AD1F-6033D4E34573}.Release|Any CPU.ActiveCfg = Release|Any CPU
		{D6C3C089-D8E9-4B5B-AD1F-6033D4E34573}.Release|Any CPU.Build.0 = Release|Any CPU
	EndGlobalSection
	GlobalSection(SolutionProperties) = preSolution
		HideSolutionNode = FALSE
	EndGlobalSection
	GlobalSection(ExtensibilityGlobals) = postSolution
		SolutionGuid = {1DC1CFD0-D5F4-4191-BF00-DA43B6EDA22B}
	EndGlobalSection
EndGlobal
